
Microsoft Visual Studio Solution File, Format Version 12.00
# Visual Studio 15
VisualStudioVersion = 15.0.28307.1082
MinimumVisualStudioVersion = 10.0.40219.1
Project("{8BC9CEB8-8B4A-11D0-8D11-00A0C91BC942}") = "Tracker", "Tracker\Tracker.vcxproj", "{FEEAE026-53A8-4D4B-A793-7C5DADCB13E8}"
EndProject
Global
	GlobalSection(SolutionConfigurationPlatforms) = preSolution
		Debug|x64 = Debug|x64
		Debug|x86 = Debug|x86
		Release|x64 = Release|x64
		Release|x86 = Release|x86
	EndGlobalSection
	GlobalSection(ProjectConfigurationPlatforms) = postSolution
		{FEEAE026-53A8-4D4B-A793-7C5DADCB13E8}.Debug|x64.ActiveCfg = Debug|x64
		{FEEAE026-53A8-4D4B-A793-7C5DADCB13E8}.Debug|x64.Build.0 = Debug|x64
		{FEEAE026-53A8-4D4B-A793-7C5DADCB13E8}.Debug|x86.ActiveCfg = Debug|Win32
		{FEEAE026-53A8-4D4B-A793-7C5DADCB13E8}.Debug|x86.Build.0 = Debug|Win32
		{FEEAE026-53A8-4D4B-A793-7C5DADCB13E8}.Release|x64.ActiveCfg = Release|x64
		{FEEAE026-53A8-4D4B-A793-7C5DADCB13E8}.Release|x64.Build.0 = Release|x64
		{FEEAE026-53A8-4D4B-A793-7C5DADCB13E8}.Release|x86.ActiveCfg = Release|Win32
		{FEEAE026-53A8-4D4B-A793-7C5DADCB13E8}.Release|x86.Build.0 = Release|Win32
	EndGlobalSection
	GlobalSection(SolutionProperties) = preSolution
		HideSolutionNode = FALSE
	EndGlobalSection
	GlobalSection(ExtensibilityGlobals) = postSolution
		SolutionGuid = {3F7EE475-8E92-4666-98F2-E88134DA01FA}
	EndGlobalSection
EndGlobal
